// !$*UTF8*$!
{
	archiveVersion = 1;
	classes = {
	};
	objectVersion = 50;
	objects = {

/* Begin PBXBuildFile section */
		4BEBF72D257B81CB006DDC82 /* AppDelegate.swift in Sources */ = {isa = PBXBuildFile; fileRef = 4BEBF72C257B81CB006DDC82 /* AppDelegate.swift */; };
		4BEBF72F257B81CB006DDC82 /* SceneDelegate.swift in Sources */ = {isa = PBXBuildFile; fileRef = 4BEBF72E257B81CB006DDC82 /* SceneDelegate.swift */; };
		4BEBF734257B81CB006DDC82 /* Main.storyboard in Resources */ = {isa = PBXBuildFile; fileRef = 4BEBF732257B81CB006DDC82 /* Main.storyboard */; };
		4BEBF736257B81CF006DDC82 /* Assets.xcassets in Resources */ = {isa = PBXBuildFile; fileRef = 4BEBF735257B81CF006DDC82 /* Assets.xcassets */; };
		4BEBF739257B81CF006DDC82 /* LaunchScreen.storyboard in Resources */ = {isa = PBXBuildFile; fileRef = 4BEBF737257B81CF006DDC82 /* LaunchScreen.storyboard */; };
		4BEBF743257B825D006DDC82 /* LoginFormController.swift in Sources */ = {isa = PBXBuildFile; fileRef = 4BEBF742257B825D006DDC82 /* LoginFormController.swift */; };
		4BEBF7482584B95A006DDC82 /* FriendsTableViewController.swift in Sources */ = {isa = PBXBuildFile; fileRef = 4BEBF7472584B957006DDC82 /* FriendsTableViewController.swift */; };
		4BEBF74B2584E0D6006DDC82 /* reusableCell.swift in Sources */ = {isa = PBXBuildFile; fileRef = 4BEBF74A2584E0D6006DDC82 /* reusableCell.swift */; };
		4BEBF759258A42D0006DDC82 /* GroupViewController.swift in Sources */ = {isa = PBXBuildFile; fileRef = 4BEBF758258A42D0006DDC82 /* GroupViewController.swift */; };
		4BEBF76C258BE681006DDC82 /* PhotoViewController.swift in Sources */ = {isa = PBXBuildFile; fileRef = 4BEBF76B258BE681006DDC82 /* PhotoViewController.swift */; };
		4BEBF770258BE6D2006DDC82 /* PhotoCollectionCell.swift in Sources */ = {isa = PBXBuildFile; fileRef = 4BEBF76F258BE6D2006DDC82 /* PhotoCollectionCell.swift */; };
		4BEBF7782592571C006DDC82 /* cellConfig.xib in Resources */ = {isa = PBXBuildFile; fileRef = 4BEBF7772592571C006DDC82 /* cellConfig.xib */; };
		4BEBF78125926FFB006DDC82 /* CustomView.swift in Sources */ = {isa = PBXBuildFile; fileRef = 4BEBF78025926FFB006DDC82 /* CustomView.swift */; };
/* End PBXBuildFile section */

/* Begin PBXFileReference section */
		4BEBF729257B81CB006DDC82 /* weather.app */ = {isa = PBXFileReference; explicitFileType = wrapper.application; includeInIndex = 0; path = weather.app; sourceTree = BUILT_PRODUCTS_DIR; };
		4BEBF72C257B81CB006DDC82 /* AppDelegate.swift */ = {isa = PBXFileReference; lastKnownFileType = sourcecode.swift; path = AppDelegate.swift; sourceTree = "<group>"; };
		4BEBF72E257B81CB006DDC82 /* SceneDelegate.swift */ = {isa = PBXFileReference; lastKnownFileType = sourcecode.swift; path = SceneDelegate.swift; sourceTree = "<group>"; };
		4BEBF733257B81CB006DDC82 /* Base */ = {isa = PBXFileReference; lastKnownFileType = file.storyboard; name = Base; path = Base.lproj/Main.storyboard; sourceTree = "<group>"; };
		4BEBF735257B81CF006DDC82 /* Assets.xcassets */ = {isa = PBXFileReference; lastKnownFileType = folder.assetcatalog; path = Assets.xcassets; sourceTree = "<group>"; };
		4BEBF738257B81CF006DDC82 /* Base */ = {isa = PBXFileReference; lastKnownFileType = file.storyboard; name = Base; path = Base.lproj/LaunchScreen.storyboard; sourceTree = "<group>"; };
		4BEBF73A257B81CF006DDC82 /* Info.plist */ = {isa = PBXFileReference; lastKnownFileType = text.plist.xml; path = Info.plist; sourceTree = "<group>"; };
		4BEBF742257B825D006DDC82 /* LoginFormController.swift */ = {isa = PBXFileReference; lastKnownFileType = sourcecode.swift; path = LoginFormController.swift; sourceTree = "<group>"; };
		4BEBF7472584B957006DDC82 /* FriendsTableViewController.swift */ = {isa = PBXFileReference; lastKnownFileType = sourcecode.swift; path = FriendsTableViewController.swift; sourceTree = "<group>"; };
		4BEBF74A2584E0D6006DDC82 /* reusableCell.swift */ = {isa = PBXFileReference; lastKnownFileType = sourcecode.swift; path = reusableCell.swift; sourceTree = "<group>"; };
		4BEBF758258A42D0006DDC82 /* GroupViewController.swift */ = {isa = PBXFileReference; lastKnownFileType = sourcecode.swift; path = GroupViewController.swift; sourceTree = "<group>"; };
		4BEBF76B258BE681006DDC82 /* PhotoViewController.swift */ = {isa = PBXFileReference; lastKnownFileType = sourcecode.swift; path = PhotoViewController.swift; sourceTree = "<group>"; };
		4BEBF76F258BE6D2006DDC82 /* PhotoCollectionCell.swift */ = {isa = PBXFileReference; lastKnownFileType = sourcecode.swift; path = PhotoCollectionCell.swift; sourceTree = "<group>"; };
		4BEBF7772592571C006DDC82 /* cellConfig.xib */ = {isa = PBXFileReference; lastKnownFileType = file.xib; path = cellConfig.xib; sourceTree = "<group>"; };
		4BEBF78025926FFB006DDC82 /* CustomView.swift */ = {isa = PBXFileReference; lastKnownFileType = sourcecode.swift; path = CustomView.swift; sourceTree = "<group>"; };
/* End PBXFileReference section */

/* Begin PBXFrameworksBuildPhase section */
		4BEBF726257B81CB006DDC82 /* Frameworks */ = {
			isa = PBXFrameworksBuildPhase;
			buildActionMask = 2147483647;
			files = (
			);
			runOnlyForDeploymentPostprocessing = 0;
		};
/* End PBXFrameworksBuildPhase section */

/* Begin PBXGroup section */
		4BEBF720257B81CB006DDC82 = {
			isa = PBXGroup;
			children = (
				4BEBF72B257B81CB006DDC82 /* weather */,
				4BEBF72A257B81CB006DDC82 /* Products */,
			);
			sourceTree = "<group>";
		};
		4BEBF72A257B81CB006DDC82 /* Products */ = {
			isa = PBXGroup;
			children = (
				4BEBF729257B81CB006DDC82 /* weather.app */,
			);
			name = Products;
			sourceTree = "<group>";
		};
		4BEBF72B257B81CB006DDC82 /* weather */ = {
			isa = PBXGroup;
			children = (
				4BEBF772259256A3006DDC82 /* reusable cell */,
				4BEBF75F258A55C5006DDC82 /* photos */,
				4BEBF74D2589B9DE006DDC82 /* groups */,
				4BEBF7462584B92C006DDC82 /* friends */,
				4BEBF72C257B81CB006DDC82 /* AppDelegate.swift */,
				4BEBF72E257B81CB006DDC82 /* SceneDelegate.swift */,
				4BEBF732257B81CB006DDC82 /* Main.storyboard */,
				4BEBF735257B81CF006DDC82 /* Assets.xcassets */,
				4BEBF737257B81CF006DDC82 /* LaunchScreen.storyboard */,
				4BEBF73A257B81CF006DDC82 /* Info.plist */,
				4BEBF742257B825D006DDC82 /* LoginFormController.swift */,
				4BEBF78025926FFB006DDC82 /* CustomView.swift */,
			);
			path = weather;
			sourceTree = "<group>";
		};
		4BEBF7462584B92C006DDC82 /* friends */ = {
			isa = PBXGroup;
			children = (
				4BEBF7472584B957006DDC82 /* FriendsTableViewController.swift */,
			);
			path = friends;
			sourceTree = "<group>";
		};
		4BEBF74D2589B9DE006DDC82 /* groups */ = {
			isa = PBXGroup;
			children = (
				4BEBF758258A42D0006DDC82 /* GroupViewController.swift */,
			);
			path = groups;
			sourceTree = "<group>";
		};
		4BEBF75F258A55C5006DDC82 /* photos */ = {
			isa = PBXGroup;
			children = (
				4BEBF76F258BE6D2006DDC82 /* PhotoCollectionCell.swift */,
				4BEBF76B258BE681006DDC82 /* PhotoViewController.swift */,
			);
			path = photos;
			sourceTree = "<group>";
		};
		4BEBF772259256A3006DDC82 /* reusable cell */ = {
			isa = PBXGroup;
			children = (
				4BEBF74A2584E0D6006DDC82 /* reusableCell.swift */,
				4BEBF7772592571C006DDC82 /* cellConfig.xib */,
			);
			path = "reusable cell";
			sourceTree = "<group>";
		};
/* End PBXGroup section */

/* Begin PBXNativeTarget section */
		4BEBF728257B81CB006DDC82 /* weather */ = {
			isa = PBXNativeTarget;
			buildConfigurationList = 4BEBF73D257B81CF006DDC82 /* Build configuration list for PBXNativeTarget "weather" */;
			buildPhases = (
				4BEBF725257B81CB006DDC82 /* Sources */,
				4BEBF726257B81CB006DDC82 /* Frameworks */,
				4BEBF727257B81CB006DDC82 /* Resources */,
			);
			buildRules = (
			);
			dependencies = (
			);
			name = weather;
			productName = weather;
			productReference = 4BEBF729257B81CB006DDC82 /* weather.app */;
			productType = "com.apple.product-type.application";
		};
/* End PBXNativeTarget section */

/* Begin PBXProject section */
		4BEBF721257B81CB006DDC82 /* Project object */ = {
			isa = PBXProject;
			attributes = {
				LastSwiftUpdateCheck = 1200;
				LastUpgradeCheck = 1200;
				TargetAttributes = {
					4BEBF728257B81CB006DDC82 = {
						CreatedOnToolsVersion = 12.0.1;
					};
				};
			};
			buildConfigurationList = 4BEBF724257B81CB006DDC82 /* Build configuration list for PBXProject "weather" */;
			compatibilityVersion = "Xcode 9.3";
			developmentRegion = en;
			hasScannedForEncodings = 0;
			knownRegions = (
				en,
				Base,
			);
			mainGroup = 4BEBF720257B81CB006DDC82;
			productRefGroup = 4BEBF72A257B81CB006DDC82 /* Products */;
			projectDirPath = "";
			projectRoot = "";
			targets = (
				4BEBF728257B81CB006DDC82 /* weather */,
			);
		};
/* End PBXProject section */

/* Begin PBXResourcesBuildPhase section */
		4BEBF727257B81CB006DDC82 /* Resources */ = {
			isa = PBXResourcesBuildPhase;
			buildActionMask = 2147483647;
			files = (
				4BEBF739257B81CF006DDC82 /* LaunchScreen.storyboard in Resources */,
				4BEBF7782592571C006DDC82 /* cellConfig.xib in Resources */,
				4BEBF736257B81CF006DDC82 /* Assets.xcassets in Resources */,
				4BEBF734257B81CB006DDC82 /* Main.storyboard in Resources */,
			);
			runOnlyForDeploymentPostprocessing = 0;
		};
/* End PBXResourcesBuildPhase section */

/* Begin PBXSourcesBuildPhase section */
		4BEBF725257B81CB006DDC82 /* Sources */ = {
			isa = PBXSourcesBuildPhase;
			buildActionMask = 2147483647;
			files = (
				4BEBF759258A42D0006DDC82 /* GroupViewController.swift in Sources */,
				4BEBF743257B825D006DDC82 /* LoginFormController.swift in Sources */,
				4BEBF770258BE6D2006DDC82 /* PhotoCollectionCell.swift in Sources */,
				4BEBF78125926FFB006DDC82 /* CustomView.swift in Sources */,
				4BEBF72D257B81CB006DDC82 /* AppDelegate.swift in Sources */,
				4BEBF7482584B95A006DDC82 /* FriendsTableViewController.swift in Sources */,
				4BEBF76C258BE681006DDC82 /* PhotoViewController.swift in Sources */,
				4BEBF72F257B81CB006DDC82 /* SceneDelegate.swift in Sources */,
				4BEBF74B2584E0D6006DDC82 /* reusableCell.swift in Sources */,
			);
			runOnlyForDeploymentPostprocessing = 0;
		};
/* End PBXSourcesBuildPhase section */

/* Begin PBXVariantGroup section */
		4BEBF732257B81CB006DDC82 /* Main.storyboard */ = {
			isa = PBXVariantGroup;
			children = (
				4BEBF733257B81CB006DDC82 /* Base */,
			);
			name = Main.storyboard;
			sourceTree = "<group>";
		};
		4BEBF737257B81CF006DDC82 /* LaunchScreen.storyboard */ = {
			isa = PBXVariantGroup;
			children = (
				4BEBF738257B81CF006DDC82 /* Base */,
			);
			name = LaunchScreen.storyboard;
			sourceTree = "<group>";
		};
/* End PBXVariantGroup section */

/* Begin XCBuildConfiguration section */
		4BEBF73B257B81CF006DDC82 /* Debug */ = {
			isa = XCBuildConfiguration;
			buildSettings = {
				ALWAYS_SEARCH_USER_PATHS = NO;
				CLANG_ANALYZER_NONNULL = YES;
				CLANG_ANALYZER_NUMBER_OBJECT_CONVERSION = YES_AGGRESSIVE;
				CLANG_CXX_LANGUAGE_STANDARD = "gnu++14";
				CLANG_CXX_LIBRARY = "libc++";
				CLANG_ENABLE_MODULES = YES;
				CLANG_ENABLE_OBJC_ARC = YES;
				CLANG_ENABLE_OBJC_WEAK = YES;
				CLANG_WARN_BLOCK_CAPTURE_AUTORELEASING = YES;
				CLANG_WARN_BOOL_CONVERSION = YES;
				CLANG_WARN_COMMA = YES;
				CLANG_WARN_CONSTANT_CONVERSION = YES;
				CLANG_WARN_DEPRECATED_OBJC_IMPLEMENTATIONS = YES;
				CLANG_WARN_DIRECT_OBJC_ISA_USAGE = YES_ERROR;
				CLANG_WARN_DOCUMENTATION_COMMENTS = YES;
				CLANG_WARN_EMPTY_BODY = YES;
				CLANG_WARN_ENUM_CONVERSION = YES;
				CLANG_WARN_INFINITE_RECURSION = YES;
				CLANG_WARN_INT_CONVERSION = YES;
				CLANG_WARN_NON_LITERAL_NULL_CONVERSION = YES;
				CLANG_WARN_OBJC_IMPLICIT_RETAIN_SELF = YES;
				CLANG_WARN_OBJC_LITERAL_CONVERSION = YES;
				CLANG_WARN_OBJC_ROOT_CLASS = YES_ERROR;
				CLANG_WARN_QUOTED_INCLUDE_IN_FRAMEWORK_HEADER = YES;
				CLANG_WARN_RANGE_LOOP_ANALYSIS = YES;
				CLANG_WARN_STRICT_PROTOTYPES = YES;
				CLANG_WARN_SUSPICIOUS_MOVE = YES;
				CLANG_WARN_UNGUARDED_AVAILABILITY = YES_AGGRESSIVE;
				CLANG_WARN_UNREACHABLE_CODE = YES;
				CLANG_WARN__DUPLICATE_METHOD_MATCH = YES;
				COPY_PHASE_STRIP = NO;
				DEBUG_INFORMATION_FORMAT = dwarf;
				ENABLE_STRICT_OBJC_MSGSEND = YES;
				ENABLE_TESTABILITY = YES;
				GCC_C_LANGUAGE_STANDARD = gnu11;
				GCC_DYNAMIC_NO_PIC = NO;
				GCC_NO_COMMON_BLOCKS = YES;
				GCC_OPTIMIZATION_LEVEL = 0;
				GCC_PREPROCESSOR_DEFINITIONS = (
					"DEBUG=1",
					"$(inherited)",
				);
				GCC_WARN_64_TO_32_BIT_CONVERSION = YES;
				GCC_WARN_ABOUT_RETURN_TYPE = YES_ERROR;
				GCC_WARN_UNDECLARED_SELECTOR = YES;
				GCC_WARN_UNINITIALIZED_AUTOS = YES_AGGRESSIVE;
				GCC_WARN_UNUSED_FUNCTION = YES;
				GCC_WARN_UNUSED_VARIABLE = YES;
				IPHONEOS_DEPLOYMENT_TARGET = 14.0;
				MTL_ENABLE_DEBUG_INFO = INCLUDE_SOURCE;
				MTL_FAST_MATH = YES;
				ONLY_ACTIVE_ARCH = YES;
				SDKROOT = iphoneos;
				SWIFT_ACTIVE_COMPILATION_CONDITIONS = DEBUG;
				SWIFT_OPTIMIZATION_LEVEL = "-Onone";
			};
			name = Debug;
		};
		4BEBF73C257B81CF006DDC82 /* Release */ = {
			isa = XCBuildConfiguration;
			buildSettings = {
				ALWAYS_SEARCH_USER_PATHS = NO;
				CLANG_ANALYZER_NONNULL = YES;
				CLANG_ANALYZER_NUMBER_OBJECT_CONVERSION = YES_AGGRESSIVE;
				CLANG_CXX_LANGUAGE_STANDARD = "gnu++14";
				CLANG_CXX_LIBRARY = "libc++";
				CLANG_ENABLE_MODULES = YES;
				CLANG_ENABLE_OBJC_ARC = YES;
				CLANG_ENABLE_OBJC_WEAK = YES;
				CLANG_WARN_BLOCK_CAPTURE_AUTORELEASING = YES;
				CLANG_WARN_BOOL_CONVERSION = YES;
				CLANG_WARN_COMMA = YES;
				CLANG_WARN_CONSTANT_CONVERSION = YES;
				CLANG_WARN_DEPRECATED_OBJC_IMPLEMENTATIONS = YES;
				CLANG_WARN_DIRECT_OBJC_ISA_USAGE = YES_ERROR;
				CLANG_WARN_DOCUMENTATION_COMMENTS = YES;
				CLANG_WARN_EMPTY_BODY = YES;
				CLANG_WARN_ENUM_CONVERSION = YES;
				CLANG_WARN_INFINITE_RECURSION = YES;
				CLANG_WARN_INT_CONVERSION = YES;
				CLANG_WARN_NON_LITERAL_NULL_CONVERSION = YES;
				CLANG_WARN_OBJC_IMPLICIT_RETAIN_SELF = YES;
				CLANG_WARN_OBJC_LITERAL_CONVERSION = YES;
				CLANG_WARN_OBJC_ROOT_CLASS = YES_ERROR;
				CLANG_WARN_QUOTED_INCLUDE_IN_FRAMEWORK_HEADER = YES;
				CLANG_WARN_RANGE_LOOP_ANALYSIS = YES;
				CLANG_WARN_STRICT_PROTOTYPES = YES;
				CLANG_WARN_SUSPICIOUS_MOVE = YES;
				CLANG_WARN_UNGUARDED_AVAILABILITY = YES_AGGRESSIVE;
				CLANG_WARN_UNREACHABLE_CODE = YES;
				CLANG_WARN__DUPLICATE_METHOD_MATCH = YES;
				COPY_PHASE_STRIP = NO;
				DEBUG_INFORMATION_FORMAT = "dwarf-with-dsym";
				ENABLE_NS_ASSERTIONS = NO;
				ENABLE_STRICT_OBJC_MSGSEND = YES;
				GCC_C_LANGUAGE_STANDARD = gnu11;
				GCC_NO_COMMON_BLOCKS = YES;
				GCC_WARN_64_TO_32_BIT_CONVERSION = YES;
				GCC_WARN_ABOUT_RETURN_TYPE = YES_ERROR;
				GCC_WARN_UNDECLARED_SELECTOR = YES;
				GCC_WARN_UNINITIALIZED_AUTOS = YES_AGGRESSIVE;
				GCC_WARN_UNUSED_FUNCTION = YES;
				GCC_WARN_UNUSED_VARIABLE = YES;
				IPHONEOS_DEPLOYMENT_TARGET = 14.0;
				MTL_ENABLE_DEBUG_INFO = NO;
				MTL_FAST_MATH = YES;
				SDKROOT = iphoneos;
				SWIFT_COMPILATION_MODE = wholemodule;
				SWIFT_OPTIMIZATION_LEVEL = "-O";
				VALIDATE_PRODUCT = YES;
			};
			name = Release;
		};
		4BEBF73E257B81CF006DDC82 /* Debug */ = {
			isa = XCBuildConfiguration;
			buildSettings = {
				ASSETCATALOG_COMPILER_APPICON_NAME = AppIcon;
				ASSETCATALOG_COMPILER_GLOBAL_ACCENT_COLOR_NAME = AccentColor;
				CODE_SIGN_STYLE = Automatic;
				DEVELOPMENT_TEAM = N68H75HU58;
				INFOPLIST_FILE = weather/Info.plist;
				LD_RUNPATH_SEARCH_PATHS = (
					"$(inherited)",
					"@executable_path/Frameworks",
				);
				PRODUCT_BUNDLE_IDENTIFIER = com.Ualexeyv.weather;
				PRODUCT_NAME = "$(TARGET_NAME)";
				SWIFT_VERSION = 5.0;
				TARGETED_DEVICE_FAMILY = "1,2";
			};
			name = Debug;
		};
		4BEBF73F257B81CF006DDC82 /* Release */ = {
			isa = XCBuildConfiguration;
			buildSettings = {
				ASSETCATALOG_COMPILER_APPICON_NAME = AppIcon;
				ASSETCATALOG_COMPILER_GLOBAL_ACCENT_COLOR_NAME = AccentColor;
				CODE_SIGN_STYLE = Automatic;
				DEVELOPMENT_TEAM = N68H75HU58;
				INFOPLIST_FILE = weather/Info.plist;
				LD_RUNPATH_SEARCH_PATHS = (
					"$(inherited)",
					"@executable_path/Frameworks",
				);
				PRODUCT_BUNDLE_IDENTIFIER = com.Ualexeyv.weather;
				PRODUCT_NAME = "$(TARGET_NAME)";
				SWIFT_VERSION = 5.0;
				TARGETED_DEVICE_FAMILY = "1,2";
			};
			name = Release;
		};
/* End XCBuildConfiguration section */

/* Begin XCConfigurationList section */
		4BEBF724257B81CB006DDC82 /* Build configuration list for PBXProject "weather" */ = {
			isa = XCConfigurationList;
			buildConfigurations = (
				4BEBF73B257B81CF006DDC82 /* Debug */,
				4BEBF73C257B81CF006DDC82 /* Release */,
			);
			defaultConfigurationIsVisible = 0;
			defaultConfigurationName = Release;
		};
		4BEBF73D257B81CF006DDC82 /* Build configuration list for PBXNativeTarget "weather" */ = {
			isa = XCConfigurationList;
			buildConfigurations = (
				4BEBF73E257B81CF006DDC82 /* Debug */,
				4BEBF73F257B81CF006DDC82 /* Release */,
			);
			defaultConfigurationIsVisible = 0;
			defaultConfigurationName = Release;
		};
/* End XCConfigurationList section */
	};
	rootObject = 4BEBF721257B81CB006DDC82 /* Project object */;
}
